NeoBundleLock auto-pairs 1b3a1efb078fdf74d4013308b63de57dfda0cc8e
NeoBundleLock base16-vim 0c48348a18bad52f9275d56b4adffa665a280322
NeoBundleLock ctrlp.vim 564176f01d7f3f7f8ab452ff4e1f5314de7b0981
NeoBundleLock elm.vim 04df290781f8a8a9a800e568262e0f2a077f503e
NeoBundleLock ghcmod-vim 1d192d13d68ab59f9f46497a0909bf24a7b7dfff
NeoBundleLock haskell-vim 962d39f9ef24b9f7af65f10058fd4fff31eb26b4
NeoBundleLock neobundle.vim 88951d60547595606ea0ca8f28f643d2506f2714
NeoBundleLock nerdtree eee431dbd44111c858c6d33ffd366cae1f17f8b3
NeoBundleLock syntastic e84f80a68ae7a5b03995ad712f8fbdc8483f0fd8
NeoBundleLock tcomment_vim a30434a3d2c7c74e2708a3bc800c5c14c1e6625e
NeoBundleLock tmuxline.vim b090788d601dd3444d8180ea24c8da024e71facc
NeoBundleLock vim-airline 5fe511c20bc7c8400bc3fc884815d467069f6bd8
NeoBundleLock vim-airline-themes 0d121684a8d7d8d985e7385c4492e1a079085a0c
NeoBundleLock vim-coffee-script b91dbe92ad794a85a03b089f384fa324ff4e0c3d
NeoBundleLock vim-easy-align 0cb6b98fc155717b0a56c110551ac57d1d951ddb
NeoBundleLock vim-easymotion 11632455de8caa40f264501df8f0a3e249cf0595
NeoBundleLock vim-elixir b404447bcd8bdb291e780396e8d73a1c27f04213
NeoBundleLock vim-fugitive 58ed86e434951319ff7d438fb1096f24a51e6458
NeoBundleLock vim-gitgutter 64a445bb5313dc8927d6f813ea25fb3265b25f28
NeoBundleLock vim-indent-guides 018298ead9d3aa9cd3b4ae222f81022a33978b09
NeoBundleLock vim-ruby e865f7cacf05908668ed07be2db553f4fb4d56fd
NeoBundleLock vim-scala a6a350f7c632d0e640b57f9dcc7e123409a7bcd7
NeoBundleLock vim-surround e49d6c2459e0f5569ff2d533b4df995dd7f98313
NeoBundleLock vimproc.vim 25cb83f24edec4aec1e9f1329302235e7a7a7fe0
