NeoBundleLock auto-pairs b647ef54cd2d991d5221b97fb5dbb3c0477fdc64
NeoBundleLock base16-vim e711e9b1412b55fec7e8a5cff4ac5c06f9078729
NeoBundleLock ctrlp.vim 564176f01d7f3f7f8ab452ff4e1f5314de7b0981
NeoBundleLock elm.vim 916842745a73c73d25437ca17b88f32d8c944e1d
NeoBundleLock ghcmod-vim 815616e8b7d64677d6092e95bc6a3e83d2e035d4
NeoBundleLock haskell-vim 6bb3716a41796f27321ee565b8bb36806b9f7b38
NeoBundleLock neobundle.vim d04fd83e6aff034829202c8d086fb6bf980b5cac
NeoBundleLock nerdtree 4ebbb533c3faf2c480211db2b547972bb3b60f2b
NeoBundleLock syntastic d1a179d750bd1d136d7f38e69f2c5b8439886de7
NeoBundleLock tcomment_vim 52586e67db998a4df9160edc219bf587e3faa634
NeoBundleLock tmuxline.vim 1e638ef6b2673130db123f25b1ae1160c5289bb8
NeoBundleLock vim-airline 44769aab3a0bab48e53626230645f530ae2214c2
NeoBundleLock vim-coffee-script 32fe889b8cafd3a4921ef8e6485156453ff58c42
NeoBundleLock vim-easy-align 7cb559eb70600bbd81afbb2d7f60d98334f631e2
NeoBundleLock vim-easymotion 019fc00cba95c7d74bd87a513b436651f37c43e1
NeoBundleLock vim-elixir c56bd82ef7921f6335b984a7ef3105d8ee2e5660
NeoBundleLock vim-fugitive fd36aa9c61e06d71befdbe8931f97137c489b065
NeoBundleLock vim-gitgutter ff4f592c582c0c4181f3c7e40977d1c00c392ce3
NeoBundleLock vim-indent-guides 49bde6fa30648345ffabfe55b3a095a293568a2e
NeoBundleLock vim-ruby 72f8b21856bac46b7b1a19194f5a3aa1006346bb
NeoBundleLock vim-scala e590ca15ea8a35dd9f70f03273ee36ba6b6cb08b
NeoBundleLock vimproc.vim aa075b9b56839e1adb08421d2e9837f90e59acad
