NeoBundleLock auto-pairs b647ef54cd2d991d5221b97fb5dbb3c0477fdc64
NeoBundleLock base16-vim e711e9b1412b55fec7e8a5cff4ac5c06f9078729
NeoBundleLock ctrlp.vim 564176f01d7f3f7f8ab452ff4e1f5314de7b0981
NeoBundleLock elm.vim 916842745a73c73d25437ca17b88f32d8c944e1d
NeoBundleLock neobundle.vim d04fd83e6aff034829202c8d086fb6bf980b5cac
NeoBundleLock nerdtree 4ebbb533c3faf2c480211db2b547972bb3b60f2b
NeoBundleLock syntastic d1a179d750bd1d136d7f38e69f2c5b8439886de7
NeoBundleLock tmuxline.vim 1e638ef6b2673130db123f25b1ae1160c5289bb8
NeoBundleLock vim-airline 44769aab3a0bab48e53626230645f530ae2214c2
NeoBundleLock vim-commentary e0f4850d78137a35b9461c530078bd77f39e4dce
NeoBundleLock vim-easymotion 019fc00cba95c7d74bd87a513b436651f37c43e1
NeoBundleLock vim-elixir c56bd82ef7921f6335b984a7ef3105d8ee2e5660
NeoBundleLock vim-fugitive fd36aa9c61e06d71befdbe8931f97137c489b065
NeoBundleLock vim-gitgutter ff4f592c582c0c4181f3c7e40977d1c00c392ce3
NeoBundleLock vim-indent-guides 49bde6fa30648345ffabfe55b3a095a293568a2e
NeoBundleLock vim-ruby 72f8b21856bac46b7b1a19194f5a3aa1006346bb
NeoBundleLock vim-startify 8545f6f553640dc0318582c9749c893f2be3345e
NeoBundleLock vim2hs f2afd55704bfe0a2d66e6b270d247e9b8a7b1664
